
Microsoft Visual Studio Solution File, Format Version 12.00
# Visual Studio 14
VisualStudioVersion = 14.0.25420.1
MinimumVisualStudioVersion = 10.0.40219.1
Project("{FAE04EC0-301F-11D3-BF4B-00C04F79EFBC}") = "AMC.LinesOfCode", "AMC.LinesOfCode\AMC.LinesOfCode.csproj", "{345FC30B-02C3-48DC-BF06-EA8AAF0E0093}"
EndProject
Project("{FAE04EC0-301F-11D3-BF4B-00C04F79EFBC}") = "AMC.LinesOfCode.Tests", "AMC.LinesOfCode.Tests\AMC.LinesOfCode.Tests.csproj", "{EC1BB517-635B-4BC2-8E8A-20E0279B73D8}"
EndProject
Global
	GlobalSection(SolutionConfigurationPlatforms) = preSolution
		Debug|Any CPU = Debug|Any CPU
		Release|Any CPU = Release|Any CPU
	EndGlobalSection
	GlobalSection(ProjectConfigurationPlatforms) = postSolution
		{345FC30B-02C3-48DC-BF06-EA8AAF0E0093}.Debug|Any CPU.ActiveCfg = Debug|Any CPU
		{345FC30B-02C3-48DC-BF06-EA8AAF0E0093}.Debug|Any CPU.Build.0 = Debug|Any CPU
		{345FC30B-02C3-48DC-BF06-EA8AAF0E0093}.Release|Any CPU.ActiveCfg = Release|Any CPU
		{345FC30B-02C3-48DC-BF06-EA8AAF0E0093}.Release|Any CPU.Build.0 = Release|Any CPU
		{EC1BB517-635B-4BC2-8E8A-20E0279B73D8}.Debug|Any CPU.ActiveCfg = Debug|Any CPU
		{EC1BB517-635B-4BC2-8E8A-20E0279B73D8}.Debug|Any CPU.Build.0 = Debug|Any CPU
		{EC1BB517-635B-4BC2-8E8A-20E0279B73D8}.Release|Any CPU.ActiveCfg = Release|Any CPU
		{EC1BB517-635B-4BC2-8E8A-20E0279B73D8}.Release|Any CPU.Build.0 = Release|Any CPU
	EndGlobalSection
	GlobalSection(SolutionProperties) = preSolution
		HideSolutionNode = FALSE
	EndGlobalSection
EndGlobal
